{
  "nodes": {
    "agenix": {
      "inputs": {
        "nixpkgs": [
          "nixpkgs"
        ]
      },
      "locked": {
        "lastModified": 1664140963,
        "narHash": "sha256-pFxDtOLduRFlol0Y4ShE+soRQX4kbhaCNBtDOvx7ykw=",
        "owner": "ryantm",
        "repo": "agenix",
        "rev": "6acb1fe5f8597d5ce63fc82bc7fcac7774b1cdf0",
        "type": "github"
      },
      "original": {
        "owner": "ryantm",
        "ref": "0.13.0",
        "repo": "agenix",
        "type": "github"
      }
    },
    "darwin": {
      "inputs": {
        "nixpkgs": [
          "nixpkgs"
        ]
      },
      "locked": {
        "lastModified": 1709771483,
        "narHash": "sha256-Hjzu9nCknHLQvhdaRFfCEprH0o15KcaNu1QDr3J88DI=",
        "owner": "lnl7",
        "repo": "nix-darwin",
        "rev": "550340062c16d7ef8c2cc20a3d2b97bcd3c6b6f6",
        "type": "github"
      },
      "original": {
        "owner": "lnl7",
        "ref": "master",
        "repo": "nix-darwin",
        "type": "github"
      }
    },
    "flake-utils": {
      "inputs": {
        "systems": "systems"
      },
      "locked": {
        "lastModified": 1710146030,
        "narHash": "sha256-SZ5L6eA7HJ/nmkzGG7/ISclqe6oZdOZTNoesiInkXPQ=",
        "owner": "numtide",
        "repo": "flake-utils",
        "rev": "b1d9ab70662946ef0850d488da1c9019f3a9752a",
        "type": "github"
      },
      "original": {
        "owner": "numtide",
        "repo": "flake-utils",
        "type": "github"
      }
    },
    "flake-utils_2": {
      "inputs": {
        "systems": "systems_2"
      },
      "locked": {
        "lastModified": 1681202837,
        "narHash": "sha256-H+Rh19JDwRtpVPAWp64F+rlEtxUWBAQW28eAi3SRSzg=",
        "owner": "numtide",
        "repo": "flake-utils",
        "rev": "cfacdce06f30d2b68473a46042957675eebb3401",
        "type": "github"
      },
      "original": {
        "owner": "numtide",
        "repo": "flake-utils",
        "type": "github"
      }
    },
    "home-manager": {
      "inputs": {
        "nixpkgs": [
          "nixpkgs"
        ]
      },
      "locked": {
        "lastModified": 1710062421,
        "narHash": "sha256-FiCNRfyUgJOLYIokLiFsfI7B+Zn9HDnOzFR3uVr5qsQ=",
        "owner": "nix-community",
        "repo": "home-manager",
        "rev": "36f873dfc8e2b6b89936ff3e2b74803d50447e0a",
        "type": "github"
      },
      "original": {
        "owner": "nix-community",
        "repo": "home-manager",
        "type": "github"
      }
    },
    "nixlib": {
      "locked": {
        "lastModified": 1709426687,
        "narHash": "sha256-jLBZmwXf0WYHzLkmEMq33bqhX55YtT5edvluFr0RcSA=",
        "owner": "nix-community",
        "repo": "nixpkgs.lib",
        "rev": "7873d84a89ae6e4841528ff7f5697ddcb5bdfe6c",
        "type": "github"
      },
      "original": {
        "owner": "nix-community",
        "repo": "nixpkgs.lib",
        "type": "github"
      }
    },
    "nixos-generators": {
      "inputs": {
        "nixlib": "nixlib",
        "nixpkgs": [
          "nixpkgs"
        ]
      },
      "locked": {
        "lastModified": 1709887845,
        "narHash": "sha256-803UIoB8+vGkm/VK/g55aBAAOf/ncTGvxXyjTF4ydm0=",
        "owner": "nix-community",
        "repo": "nixos-generators",
        "rev": "bef32a05496d9480b02be586fa7827748b9e597b",
        "type": "github"
      },
      "original": {
        "owner": "nix-community",
        "repo": "nixos-generators",
        "type": "github"
      }
    },
    "nixos-hardware": {
      "locked": {
        "lastModified": 1710123225,
        "narHash": "sha256-j3oWlxRZxB7cFsgEntpH3rosjFHRkAo/dhX9H3OfxtY=",
        "owner": "nixos",
        "repo": "nixos-hardware",
        "rev": "ad2fd7b978d5e462048729a6c635c45d3d33c9ba",
        "type": "github"
      },
      "original": {
        "owner": "nixos",
        "repo": "nixos-hardware",
        "type": "github"
      }
    },
    "nixpkgs": {
      "locked": {
        "lastModified": 1710119926,
        "narHash": "sha256-y/UkeSTYHXcoMklsOO7CP3slLvpBIRE4GYSMsYm+B2o=",
        "owner": "nixos",
        "repo": "nixpkgs",
        "rev": "c41ece2391fdc2351e839a9d9bb9cc561480ddea",
        "type": "github"
      },
      "original": {
        "owner": "nixos",
        "ref": "nixos-unstable-small",
        "repo": "nixpkgs",
        "type": "github"
      }
    },
    "root": {
      "inputs": {
        "agenix": "agenix",
        "darwin": "darwin",
        "flake-utils": "flake-utils",
        "home-manager": "home-manager",
        "nixos-generators": "nixos-generators",
        "nixos-hardware": "nixos-hardware",
        "nixpkgs": "nixpkgs",
        "vscode-server": "vscode-server"
      }
    },
    "systems": {
      "locked": {
        "lastModified": 1681028828,
        "narHash": "sha256-Vy1rq5AaRuLzOxct8nz4T6wlgyUR7zLU309k9mBC768=",
        "owner": "nix-systems",
        "repo": "default",
        "rev": "da67096a3b9bf56a91d16901293e51ba5b49a27e",
        "type": "github"
      },
      "original": {
        "owner": "nix-systems",
        "repo": "default",
        "type": "github"
      }
    },
    "systems_2": {
      "locked": {
        "lastModified": 1681028828,
        "narHash": "sha256-Vy1rq5AaRuLzOxct8nz4T6wlgyUR7zLU309k9mBC768=",
        "owner": "nix-systems",
        "repo": "default",
        "rev": "da67096a3b9bf56a91d16901293e51ba5b49a27e",
        "type": "github"
      },
      "original": {
        "owner": "nix-systems",
        "repo": "default",
        "type": "github"
      }
    },
    "vscode-server": {
      "inputs": {
        "flake-utils": "flake-utils_2",
        "nixpkgs": [
          "nixpkgs"
        ]
      },
      "locked": {
        "lastModified": 1709622318,
        "narHash": "sha256-bTscF0366xtoIXgH7Zq+Mn0mpX3w4h/2xKpHiYMyLNc=",
        "owner": "nix-community",
        "repo": "nixos-vscode-server",
        "rev": "d0ed9b8cf1f0a71f110df9119489ab047e0726bd",
        "type": "github"
      },
      "original": {
        "owner": "nix-community",
        "repo": "nixos-vscode-server",
        "type": "github"
      }
    }
  },
  "root": "root",
  "version": 7
}
